
Microsoft Visual Studio Solution File, Format Version 12.00
# Visual Studio Version 16
VisualStudioVersion = 16.0.30413.136
MinimumVisualStudioVersion = 10.0.40219.1
Project("{FAE04EC0-301F-11D3-BF4B-00C04F79EFBC}") = "RTGTV-Values", "RTGTV-Values\RTGTV-Values.csproj", "{D49AF8C8-FEE3-488E-9604-089E2DF76DAA}"
EndProject
Global
	GlobalSection(SolutionConfigurationPlatforms) = preSolution
		Debug|Any CPU = Debug|Any CPU
		Release|Any CPU = Release|Any CPU
	EndGlobalSection
	GlobalSection(ProjectConfigurationPlatforms) = postSolution
		{D49AF8C8-FEE3-488E-9604-089E2DF76DAA}.Debug|Any CPU.ActiveCfg = Debug|Any CPU
		{D49AF8C8-FEE3-488E-9604-089E2DF76DAA}.Debug|Any CPU.Build.0 = Debug|Any CPU
		{D49AF8C8-FEE3-488E-9604-089E2DF76DAA}.Release|Any CPU.ActiveCfg = Release|Any CPU
		{D49AF8C8-FEE3-488E-9604-089E2DF76DAA}.Release|Any CPU.Build.0 = Release|Any CPU
	EndGlobalSection
	GlobalSection(SolutionProperties) = preSolution
		HideSolutionNode = FALSE
	EndGlobalSection
	GlobalSection(ExtensibilityGlobals) = postSolution
		SolutionGuid = {160E4FD1-2AE5-47EA-9A9A-FC4966F777F6}
	EndGlobalSection
EndGlobal
